# THIS IS AN AUTOGENERATED FILE. DO NOT EDIT THIS FILE DIRECTLY.
# yarn lockfile v1


"@babel/parser@^7.16.4":
  "integrity" "sha512-74bEXKX2h+8rrfQUfsBfuZZHzsEs6Eql4pqy/T4Nn6Y9wNPggQOqD6z6pn5Bl8ZfysKouFZT/UXEH94ummEeQw=="
  "resolved" "https://registry.npmjs.org/@babel/parser/-/parser-7.19.0.tgz"
  "version" "7.19.0"

"@ckeditor/ckeditor5-adapter-ckfinder@^35.1.0":
  "integrity" "sha512-oq0PqLsDbgNQsVE85X9/TiQLNa+Nt+/eEKRNcSgzELplpGIQBQExg6oXwCAEg7IjAFzg1q7v8dN0NPSQOJ38nQ=="
  "resolved" "https://registry.npmjs.org/@ckeditor/ckeditor5-adapter-ckfinder/-/ckeditor5-adapter-ckfinder-35.1.0.tgz"
  "version" "35.1.0"
  dependencies:
    "ckeditor5" "^35.1.0"

"@ckeditor/ckeditor5-autoformat@^35.1.0":
  "integrity" "sha512-11eO3vx9n/L49HA0Atg+e7qAKRURGnyNvRzFS3wIXqK8Ap7vQXmrgOK/M5pObIo5Oi4pq/40iz/KroFLqC4vUA=="
  "resolved" "https://registry.npmjs.org/@ckeditor/ckeditor5-autoformat/-/ckeditor5-autoformat-35.1.0.tgz"
  "version" "35.1.0"
  dependencies:
    "ckeditor5" "^35.1.0"

"@ckeditor/ckeditor5-basic-styles@^35.1.0":
  "integrity" "sha512-tqqJoXEqd/sLEwLeO4RfYlGyys9JlXPLQa3s7fQGeqD6iA5WLjBA5GFBoJLFkeSBhSq7OaKmEM5O5i6RjwVkkg=="
  "resolved" "https://registry.npmjs.org/@ckeditor/ckeditor5-basic-styles/-/ckeditor5-basic-styles-35.1.0.tgz"
  "version" "35.1.0"
  dependencies:
    "ckeditor5" "^35.1.0"

"@ckeditor/ckeditor5-block-quote@^35.1.0":
  "integrity" "sha512-6bMsajOYtw7nFAa/wyFPuAwfCmtKtMkkPOh0F1q8mxniaR+vn92mBZO9yP0cjNUWIcE4jSrPF/K0O1euSBpMbQ=="
  "resolved" "https://registry.npmjs.org/@ckeditor/ckeditor5-block-quote/-/ckeditor5-block-quote-35.1.0.tgz"
  "version" "35.1.0"
  dependencies:
    "ckeditor5" "^35.1.0"

"@ckeditor/ckeditor5-build-classic@^35.1.0":
  "integrity" "sha512-fvIqb/JpjZgz8psEAHxoMDdTFWqnlSiAEp6t6ggW0ck8rBvMWTJOuGGqyBEtzagvNGjb2BBozvHDjWr28O7OYA=="
  "resolved" "https://registry.npmjs.org/@ckeditor/ckeditor5-build-classic/-/ckeditor5-build-classic-35.1.0.tgz"
  "version" "35.1.0"
  dependencies:
    "@ckeditor/ckeditor5-adapter-ckfinder" "^35.1.0"
    "@ckeditor/ckeditor5-autoformat" "^35.1.0"
    "@ckeditor/ckeditor5-basic-styles" "^35.1.0"
    "@ckeditor/ckeditor5-block-quote" "^35.1.0"
    "@ckeditor/ckeditor5-ckbox" "^35.1.0"
    "@ckeditor/ckeditor5-ckfinder" "^35.1.0"
    "@ckeditor/ckeditor5-cloud-services" "^35.1.0"
    "@ckeditor/ckeditor5-easy-image" "^35.1.0"
    "@ckeditor/ckeditor5-editor-classic" "^35.1.0"
    "@ckeditor/ckeditor5-essentials" "^35.1.0"
    "@ckeditor/ckeditor5-heading" "^35.1.0"
    "@ckeditor/ckeditor5-image" "^35.1.0"
    "@ckeditor/ckeditor5-indent" "^35.1.0"
    "@ckeditor/ckeditor5-link" "^35.1.0"
    "@ckeditor/ckeditor5-list" "^35.1.0"
    "@ckeditor/ckeditor5-media-embed" "^35.1.0"
    "@ckeditor/ckeditor5-paragraph" "^35.1.0"
    "@ckeditor/ckeditor5-paste-from-office" "^35.1.0"
    "@ckeditor/ckeditor5-table" "^35.1.0"
    "@ckeditor/ckeditor5-typing" "^35.1.0"

"@ckeditor/ckeditor5-ckbox@^35.1.0":
  "integrity" "sha512-4SEBc1AlS9D0pHacK76S432b72iriuWMxx1L8f/91DY0pJIMWUKIqH+mrho2DLASngWNegrYOT7muD2ExEAMQg=="
  "resolved" "https://registry.npmjs.org/@ckeditor/ckeditor5-ckbox/-/ckeditor5-ckbox-35.1.0.tgz"
  "version" "35.1.0"
  dependencies:
    "ckeditor5" "^35.1.0"

"@ckeditor/ckeditor5-ckfinder@^35.1.0":
  "integrity" "sha512-lLY3DKe8G4etL5MTnfFSUZKa8zdZKi1rwiqZyAY5DUuMgrWnfL5Vof+W3yZJ0pFIQkgrAEl7j9Lct/afZq9AwQ=="
  "resolved" "https://registry.npmjs.org/@ckeditor/ckeditor5-ckfinder/-/ckeditor5-ckfinder-35.1.0.tgz"
  "version" "35.1.0"
  dependencies:
    "ckeditor5" "^35.1.0"

"@ckeditor/ckeditor5-clipboard@^35.1.0":
  "integrity" "sha512-LfHDOI7gfQzIKbSgDi429SI75p4Scw+YK6zISTRN2IiNlAfsozjeYltm8O3ab7FFfBI8+TalnEx0gI41TXog0Q=="
  "resolved" "https://registry.npmjs.org/@ckeditor/ckeditor5-clipboard/-/ckeditor5-clipboard-35.1.0.tgz"
  "version" "35.1.0"
  dependencies:
    "@ckeditor/ckeditor5-core" "^35.1.0"
    "@ckeditor/ckeditor5-engine" "^35.1.0"
    "@ckeditor/ckeditor5-utils" "^35.1.0"
    "@ckeditor/ckeditor5-widget" "^35.1.0"
    "lodash-es" "^4.17.11"

"@ckeditor/ckeditor5-cloud-services@^35.1.0":
  "integrity" "sha512-c7Bm80CAbkDlaWUt+7LkDe6eGKzY7rbqhZ7CpAQURWo3mXUgcfiV+kQPAvF0/9wDiCi8DpLGg7HN9GMQcWHvnA=="
  "resolved" "https://registry.npmjs.org/@ckeditor/ckeditor5-cloud-services/-/ckeditor5-cloud-services-35.1.0.tgz"
  "version" "35.1.0"
  dependencies:
    "ckeditor5" "^35.1.0"

"@ckeditor/ckeditor5-core@^35.1.0":
  "integrity" "sha512-yqPP7tEOT/rsxtDf6qvL5Yszmf2MZJJDK426SQryJiKpAEysX+337FEeLpK1silIL+UMejh5Y2/oNr4L+wTRXw=="
  "resolved" "https://registry.npmjs.org/@ckeditor/ckeditor5-core/-/ckeditor5-core-35.1.0.tgz"
  "version" "35.1.0"
  dependencies:
    "@ckeditor/ckeditor5-engine" "^35.1.0"
    "@ckeditor/ckeditor5-ui" "^35.1.0"
    "@ckeditor/ckeditor5-utils" "^35.1.0"
    "lodash-es" "^4.17.15"

"@ckeditor/ckeditor5-easy-image@^35.1.0":
  "integrity" "sha512-5lhZxCR3Q+BJ3i4NoCBSnVYcOrJmPoBvbTFs5d6D4qlmR2C0y5EzWwQmPtO/bm380Fgg1DrZWH2xSGYpePB3PQ=="
  "resolved" "https://registry.npmjs.org/@ckeditor/ckeditor5-easy-image/-/ckeditor5-easy-image-35.1.0.tgz"
  "version" "35.1.0"
  dependencies:
    "ckeditor5" "^35.1.0"

"@ckeditor/ckeditor5-editor-classic@^35.1.0":
  "integrity" "sha512-cuu0/cxJgReHbnMPdMOw7YWOogS2WwLo6S/WAP5OjHdXRb/oQOGcr+vi4+guRdSMz5YmXjr4lvskYgU4B4dF6A=="
  "resolved" "https://registry.npmjs.org/@ckeditor/ckeditor5-editor-classic/-/ckeditor5-editor-classic-35.1.0.tgz"
  "version" "35.1.0"
  dependencies:
    "ckeditor5" "^35.1.0"
    "lodash-es" "^4.17.15"

"@ckeditor/ckeditor5-engine@^35.1.0":
  "integrity" "sha512-1xyzPkN2N0xzdeVpT53Eqj4Awfbwl6lN3JIpgntBmCOdiZejRZipdPFkbS0ZkhG14aLAV1blbk/ZMJSsOmaTWg=="
  "resolved" "https://registry.npmjs.org/@ckeditor/ckeditor5-engine/-/ckeditor5-engine-35.1.0.tgz"
  "version" "35.1.0"
  dependencies:
    "@ckeditor/ckeditor5-utils" "^35.1.0"
    "lodash-es" "^4.17.15"

"@ckeditor/ckeditor5-enter@^35.1.0":
  "integrity" "sha512-H+6vscBZqzU/Q4/N8so/UJzH2tiGN5cDa/5qbXGr/WwyWDez2Nl2y9bAl7ASB4vhzqr2/1WJ4ckBMGke5zR6pg=="
  "resolved" "https://registry.npmjs.org/@ckeditor/ckeditor5-enter/-/ckeditor5-enter-35.1.0.tgz"
  "version" "35.1.0"
  dependencies:
    "@ckeditor/ckeditor5-core" "^35.1.0"
    "@ckeditor/ckeditor5-engine" "^35.1.0"
    "@ckeditor/ckeditor5-utils" "^35.1.0"

"@ckeditor/ckeditor5-essentials@^35.1.0":
  "integrity" "sha512-qk09lYvIpWxRfDTdu/W36481PsvumiW3jTLC6Y41KOzjN5QQbC2uXNjaDKSYTWeQJB0xfeCDFl102DF//v4kxA=="
  "resolved" "https://registry.npmjs.org/@ckeditor/ckeditor5-essentials/-/ckeditor5-essentials-35.1.0.tgz"
  "version" "35.1.0"
  dependencies:
    "ckeditor5" "^35.1.0"

"@ckeditor/ckeditor5-heading@^35.1.0":
  "integrity" "sha512-dempsgWmcD9lLr7OlgsoRxC+GAVafRbweXO0J4RHRFFL+f5lh43Z+sUfuiXM5cGB03YvonSitt3Bizhj2hIxoQ=="
  "resolved" "https://registry.npmjs.org/@ckeditor/ckeditor5-heading/-/ckeditor5-heading-35.1.0.tgz"
  "version" "35.1.0"
  dependencies:
    "ckeditor5" "^35.1.0"

"@ckeditor/ckeditor5-image@^35.1.0":
  "integrity" "sha512-7qqccl2dYX3dl7rnBuRHF1Mxpns6zG9Ink1rlpPMEcuA7NdA9VDglMDCvWYOLSGVObVOM7ecceHYeYhzNSeyrw=="
  "resolved" "https://registry.npmjs.org/@ckeditor/ckeditor5-image/-/ckeditor5-image-35.1.0.tgz"
  "version" "35.1.0"
  dependencies:
    "@ckeditor/ckeditor5-ui" "^35.1.0"
    "ckeditor5" "^35.1.0"
    "lodash-es" "^4.17.15"

"@ckeditor/ckeditor5-indent@^35.1.0":
  "integrity" "sha512-yYgSBzHlln273S4H1aWfzqoMcb+Fn1yZ976Pj2ouM7bP22d+01ptNGSe6fiEqtmDiUu2gCj9W0tOwI0Oowb6fg=="
  "resolved" "https://registry.npmjs.org/@ckeditor/ckeditor5-indent/-/ckeditor5-indent-35.1.0.tgz"
  "version" "35.1.0"
  dependencies:
    "ckeditor5" "^35.1.0"

"@ckeditor/ckeditor5-link@^35.1.0":
  "integrity" "sha512-eoCE96mfW8pAFpP3wE0E83mrg7SVSTnut0szLyWmQSiU63N0KJMKOZy6faImrMEgkdFppfJ966+lgBh4fB+Taw=="
  "resolved" "https://registry.npmjs.org/@ckeditor/ckeditor5-link/-/ckeditor5-link-35.1.0.tgz"
  "version" "35.1.0"
  dependencies:
    "@ckeditor/ckeditor5-ui" "^35.1.0"
    "ckeditor5" "^35.1.0"
    "lodash-es" "^4.17.15"

"@ckeditor/ckeditor5-list@^35.1.0":
  "integrity" "sha512-NsGNRhYDI9xNm0wac3sE640LzpUSxQAzi60f2ap8p2pSL2RXpPJ3YA8Z+xmYP4xpJpu1eEcbOUnZDXjsKoct1Q=="
  "resolved" "https://registry.npmjs.org/@ckeditor/ckeditor5-list/-/ckeditor5-list-35.1.0.tgz"
  "version" "35.1.0"
  dependencies:
    "@ckeditor/ckeditor5-ui" "^35.1.0"
    "ckeditor5" "^35.1.0"

"@ckeditor/ckeditor5-media-embed@^35.1.0":
  "integrity" "sha512-PpEXBE89KFFmrDpNKNbp52XPNOPr6rZXc+TOwd18E9R6upUATfLlajb5N2DYFqC7/DiW2pPJ9sSEF4SJZwNDkw=="
  "resolved" "https://registry.npmjs.org/@ckeditor/ckeditor5-media-embed/-/ckeditor5-media-embed-35.1.0.tgz"
  "version" "35.1.0"
  dependencies:
    "@ckeditor/ckeditor5-ui" "^35.1.0"
    "ckeditor5" "^35.1.0"

"@ckeditor/ckeditor5-paragraph@^35.1.0":
  "integrity" "sha512-sgeEoOfaHbskbkYXfeGkakHJ0nfEoXvvhJeCQZn+o4FfJze/H5pvK14KNeiBsLqoLkKVcSMsHhYbEoeu9JNmKA=="
  "resolved" "https://registry.npmjs.org/@ckeditor/ckeditor5-paragraph/-/ckeditor5-paragraph-35.1.0.tgz"
  "version" "35.1.0"
  dependencies:
    "@ckeditor/ckeditor5-core" "^35.1.0"
    "@ckeditor/ckeditor5-ui" "^35.1.0"
    "@ckeditor/ckeditor5-utils" "^35.1.0"

"@ckeditor/ckeditor5-paste-from-office@^35.1.0":
  "integrity" "sha512-/eu9w3A1XxO2xiMw9bYxf1MGvJwKaxU3G3sm3YpLJA7sWAm27d+PlNoUcfzetJWlD7hjfpt9Yu4+S4Oq8zILYw=="
  "resolved" "https://registry.npmjs.org/@ckeditor/ckeditor5-paste-from-office/-/ckeditor5-paste-from-office-35.1.0.tgz"
  "version" "35.1.0"
  dependencies:
    "ckeditor5" "^35.1.0"

"@ckeditor/ckeditor5-select-all@^35.1.0":
  "integrity" "sha512-xGYRBiSOfnk2/Ob55CckKdyZ9E1b+e8qIQN6YkQd9Yj3tuyGAKJ9XelOxayqhlVvpD3ctpD/cRomUjSRilz2Pw=="
  "resolved" "https://registry.npmjs.org/@ckeditor/ckeditor5-select-all/-/ckeditor5-select-all-35.1.0.tgz"
  "version" "35.1.0"
  dependencies:
    "@ckeditor/ckeditor5-core" "^35.1.0"
    "@ckeditor/ckeditor5-ui" "^35.1.0"
    "@ckeditor/ckeditor5-utils" "^35.1.0"

"@ckeditor/ckeditor5-table@^35.1.0":
  "integrity" "sha512-wwreqkavUiGW+k31itgdRrzBUgZVO3IFHvwxITGqPHsRfEPmDaqasowYrZBqHXK5JPcOmkMq8viAfThnVHltqg=="
  "resolved" "https://registry.npmjs.org/@ckeditor/ckeditor5-table/-/ckeditor5-table-35.1.0.tgz"
  "version" "35.1.0"
  dependencies:
    "ckeditor5" "^35.1.0"
    "lodash-es" "^4.17.15"

"@ckeditor/ckeditor5-typing@^35.1.0":
  "integrity" "sha512-GiOK8MlsfsVRze4+qbNnT3t4FRvnFge6F+l/knxpM07DIf8qdtf1xVvFRL2OfBBGXbBpcQ6W4aqZhWtSUrPJ5Q=="
  "resolved" "https://registry.npmjs.org/@ckeditor/ckeditor5-typing/-/ckeditor5-typing-35.1.0.tgz"
  "version" "35.1.0"
  dependencies:
    "@ckeditor/ckeditor5-core" "^35.1.0"
    "@ckeditor/ckeditor5-engine" "^35.1.0"
    "@ckeditor/ckeditor5-utils" "^35.1.0"
    "lodash-es" "^4.17.15"

"@ckeditor/ckeditor5-ui@^35.1.0":
  "integrity" "sha512-nHi8Y9VBXhtva166PxvtOir+PKigmvpqzq8NPZwwZBsi+REPNy9gg6tWb9UCkwQXpGR1LOX4nEhKa3e1LKJbig=="
  "resolved" "https://registry.npmjs.org/@ckeditor/ckeditor5-ui/-/ckeditor5-ui-35.1.0.tgz"
  "version" "35.1.0"
  dependencies:
    "@ckeditor/ckeditor5-core" "^35.1.0"
    "@ckeditor/ckeditor5-utils" "^35.1.0"
    "lodash-es" "^4.17.15"

"@ckeditor/ckeditor5-undo@^35.1.0":
  "integrity" "sha512-Fe9Iji6odYL0HVM/xzFH4D7Z12K+Qcep6PGsRNks6y3ai11uukTV89WLKSdfzT5jwOq5AKhFdN+mSKPy1qfB/g=="
  "resolved" "https://registry.npmjs.org/@ckeditor/ckeditor5-undo/-/ckeditor5-undo-35.1.0.tgz"
  "version" "35.1.0"
  dependencies:
    "@ckeditor/ckeditor5-core" "^35.1.0"
    "@ckeditor/ckeditor5-engine" "^35.1.0"
    "@ckeditor/ckeditor5-ui" "^35.1.0"

"@ckeditor/ckeditor5-upload@^35.1.0":
  "integrity" "sha512-EDa56I4v+MH9EpDavcCrZA+3l9e3bYqPY43GCwy5KP9N6rbar05OaUCMqPXA0ky2eupkae2tjp8MtCUxs/W+Vg=="
  "resolved" "https://registry.npmjs.org/@ckeditor/ckeditor5-upload/-/ckeditor5-upload-35.1.0.tgz"
  "version" "35.1.0"
  dependencies:
    "@ckeditor/ckeditor5-core" "^35.1.0"
    "@ckeditor/ckeditor5-ui" "^35.1.0"
    "@ckeditor/ckeditor5-utils" "^35.1.0"

"@ckeditor/ckeditor5-utils@^35.1.0":
  "integrity" "sha512-a13oY43cHzS0uwLB/m6JKXhNNWftcNsUrI2/+UGsUElmFEnJ7aG24iHkdmh62kHY/X5SxowW9hBQR+yb6sKC4w=="
  "resolved" "https://registry.npmjs.org/@ckeditor/ckeditor5-utils/-/ckeditor5-utils-35.1.0.tgz"
  "version" "35.1.0"
  dependencies:
    "lodash-es" "^4.17.15"

"@ckeditor/ckeditor5-vue@^4.0.1":
  "integrity" "sha512-QjlQYY0DVqpk+Oj3aDxtcgknet6xquGwjdGLVxgJh6hP+IOpcHldk0BQgMNPiF4T5Ojj37N55IEkaHdQcCLQlA=="
  "resolved" "https://registry.npmjs.org/@ckeditor/ckeditor5-vue/-/ckeditor5-vue-4.0.1.tgz"
  "version" "4.0.1"

"@ckeditor/ckeditor5-widget@^35.1.0":
  "integrity" "sha512-Gi7zWRmcxkGWjx6pbn2HUqUUftVzCMfRX22SmOQOl9GKQmJAQaKtdM/sBnv0kY5DLsWLrI9HAED9TJhT0zuN9w=="
  "resolved" "https://registry.npmjs.org/@ckeditor/ckeditor5-widget/-/ckeditor5-widget-35.1.0.tgz"
  "version" "35.1.0"
  dependencies:
    "@ckeditor/ckeditor5-core" "^35.1.0"
    "@ckeditor/ckeditor5-engine" "^35.1.0"
    "@ckeditor/ckeditor5-enter" "^35.1.0"
    "@ckeditor/ckeditor5-typing" "^35.1.0"
    "@ckeditor/ckeditor5-ui" "^35.1.0"
    "@ckeditor/ckeditor5-utils" "^35.1.0"
    "lodash-es" "^4.17.15"

"@css-render/plugin-bem@^0.15.10":
  "integrity" "sha512-Bn8qadYPIz5DhZ4obTGHOJzeziQH6kY0+Fk5AEvwuuy378SLwwvXuuoechLjBHcgKkPCM03Oo4dDSGP/6NMdyw=="
  "resolved" "https://registry.npmjs.org/@css-render/plugin-bem/-/plugin-bem-0.15.11.tgz"
  "version" "0.15.11"

"@css-render/vue3-ssr@^0.15.10":
  "integrity" "sha512-n+SuqLPbY30FUTM8slX75OaEG+c8XlTOFrAklekX2XQGvBbz9XdBE6hTEgGlV5kPcTMqTJeCG7Vzhs9/29VC7w=="
  "resolved" "https://registry.npmjs.org/@css-render/vue3-ssr/-/vue3-ssr-0.15.11.tgz"
  "version" "0.15.11"

"@emotion/hash@~0.8.0":
  "integrity" "sha512-kBJtf7PH6aWwZ6fka3zQ0p6SBYzx4fl1LoZXE2RrnYST9Xljm7WfKJrU4g/Xr3Beg72MLrp1AWNUmuYJTL7Cow=="
  "resolved" "https://registry.npmjs.org/@emotion/hash/-/hash-0.8.0.tgz"
  "version" "0.8.0"

"@fortawesome/fontawesome-common-types@^0.1.7":
  "integrity" "sha512-ego8jRVSHfq/iq4KRZJKQeUAdi3ZjGNrqw4oPN3fNdvTBnLCSntwVCnc37bsAJP9UB8MhrTfPnZYxkv2vpS4pg=="
  "resolved" "https://registry.npmjs.org/@fortawesome/fontawesome-common-types/-/fontawesome-common-types-0.1.7.tgz"
  "version" "0.1.7"

"@fortawesome/fontawesome-free-brands@^5.0.13":
  "integrity" "sha512-xC/sEPpfcJPvUbud2GyscLCLQlE2DVBYaTHVwuyVGliYBdYejSEYMINU8FN5A0xhO68yCbpCfMlBv6Gqby+jww=="
  "resolved" "https://registry.npmjs.org/@fortawesome/fontawesome-free-brands/-/fontawesome-free-brands-5.0.13.tgz"
  "version" "5.0.13"
  dependencies:
    "@fortawesome/fontawesome-common-types" "^0.1.7"

"@fortawesome/fontawesome-free-regular@^5.0.13":
  "integrity" "sha512-36lz9Idww1L4QaaTcv7GZiOeIP9emJFDUsedvRovI10kmwyd6rN0PKkIjnq0FB4foLhX4Rou8vnbCCmjtqiLug=="
  "resolved" "https://registry.npmjs.org/@fortawesome/fontawesome-free-regular/-/fontawesome-free-regular-5.0.13.tgz"
  "version" "5.0.13"
  dependencies:
    "@fortawesome/fontawesome-common-types" "^0.1.7"

"@fortawesome/fontawesome-free-solid@^5.0.13":
  "integrity" "sha512-b+krVnqkdDt52Yfev0x0ZZgtxBQsLw00Zfa3uaVWIDzpNZVtrEXuxldUSUaN/ihgGhSNi8VpvDAdNPVgCKOSxw=="
  "resolved" "https://registry.npmjs.org/@fortawesome/fontawesome-free-solid/-/fontawesome-free-solid-5.0.13.tgz"
  "version" "5.0.13"
  dependencies:
    "@fortawesome/fontawesome-common-types" "^0.1.7"

"@fortawesome/fontawesome-free@^6.2.0":
  "integrity" "sha512-CNR7qRIfCwWHNN7FnKUniva94edPdyQzil/zCwk3v6k4R6rR2Fr8i4s3PM7n/lyfPA6Zfko9z5WDzFxG9SW1uQ=="
  "resolved" "https://registry.npmjs.org/@fortawesome/fontawesome-free/-/fontawesome-free-6.2.0.tgz"
  "version" "6.2.0"

"@fortawesome/fontawesome@^1.1.8":
  "integrity" "sha512-c0/MtkPVT0fmiFcCyYoPjkG9PkMOvfrZw2+0BaJ+Rh6UEcK1AR/LaRgrHHjUkbAbs9LXxQJhFS8CJ4uSnK2+JA=="
  "resolved" "https://registry.npmjs.org/@fortawesome/fontawesome/-/fontawesome-1.1.8.tgz"
  "version" "1.1.8"
  dependencies:
    "@fortawesome/fontawesome-common-types" "^0.1.7"

"@juggle/resize-observer@^3.3.1":
  "integrity" "sha512-dfLbk+PwWvFzSxwk3n5ySL0hfBog779o8h68wK/7/APo/7cgyWp5jcXockbxdk5kFRkbeXWm4Fbi9FrdN381sA=="
  "resolved" "https://registry.npmjs.org/@juggle/resize-observer/-/resize-observer-3.4.0.tgz"
  "version" "3.4.0"

"@popperjs/core@^2.11.5":
  "integrity" "sha512-50/17A98tWUfQ176raKiOGXuYpLyyVMkxxG6oylzL3BPOlA6ADGdK7EYunSa4I064xerltq9TGXs8HmOk5E+vw=="
  "resolved" "https://registry.npmjs.org/@popperjs/core/-/core-2.11.6.tgz"
  "version" "2.11.6"

"@rollup/plugin-inject@^5.0.2":
  "integrity" "sha512-zRthPC/sZ2OaQwPh2LvFn0A+3SyMAZR1Vqsp89mWkIuGXKswT8ty1JWj1pf7xdZvft4gHZaCuhdopuiCwjclWg=="
  "resolved" "https://registry.npmjs.org/@rollup/plugin-inject/-/plugin-inject-5.0.2.tgz"
  "version" "5.0.2"
  dependencies:
    "@rollup/pluginutils" "^5.0.1"
    "estree-walker" "^2.0.2"
    "magic-string" "^0.26.4"

"@rollup/pluginutils@^5.0.1":
  "integrity" "sha512-pTd9rIsP92h+B6wWwFbW8RkZv4hiR/xKsqre4SIuAOaOEQRxi0lqLke9k2/7WegC85GgUs9pjmOjCUi3In4vwA=="
  "resolved" "https://registry.npmjs.org/@rollup/pluginutils/-/pluginutils-5.0.2.tgz"
  "version" "5.0.2"
  dependencies:
    "@types/estree" "^1.0.0"
    "estree-walker" "^2.0.2"
    "picomatch" "^2.3.1"

"@types/estree@^1.0.0":
  "integrity" "sha512-WulqXMDUTYAXCjZnk6JtIHPigp55cVtDgDrO2gHRwhyJto21+1zbVCtOYB2L1F9w4qCQ0rOGWBnBe0FNTiEJIQ=="
  "resolved" "https://registry.npmjs.org/@types/estree/-/estree-1.0.0.tgz"
  "version" "1.0.0"

"@types/lodash-es@^4.17.6":
  "integrity" "sha512-R+zTeVUKDdfoRxpAryaQNRKk3105Rrgx2CFRClIgRGaqDTdjsm8h6IYA8ir584W3ePzkZfst5xIgDwYrlh9HLg=="
  "resolved" "https://registry.npmjs.org/@types/lodash-es/-/lodash-es-4.17.6.tgz"
  "version" "4.17.6"
  dependencies:
    "@types/lodash" "*"

"@types/lodash@*", "@types/lodash@^4.14.181":
  "integrity" "sha512-RoZphVtHbxPZizt4IcILciSWiC6dcn+eZ8oX9IWEYfDMcocdd42f7NPI6fQj+6zI8y4E0L7gu2pcZKLGTRaV9Q=="
  "resolved" "https://registry.npmjs.org/@types/lodash/-/lodash-4.14.184.tgz"
  "version" "4.14.184"

"@types/node@~17.0.5":
  "integrity" "sha512-w+tIMs3rq2afQdsPJlODhoUEKzFP1ayaoyl1CcnwtIlsVe7K7bA1NGm4s3PraqTLlXnbIN84zuBlxBWo1u9BLw=="
  "resolved" "https://registry.npmjs.org/@types/node/-/node-17.0.45.tgz"
  "version" "17.0.45"

"@vee-validate/rules@^4.6.9":
  "integrity" "sha512-5iM7h+2UcunSOx0WJhqwP503CyPfjsOm/RR+PrYZnT8+iQl/C3tGV0hrXj/TrZ1NQXyp2qKi0m4n3bgsfMk4tg=="
  "resolved" "https://registry.npmjs.org/@vee-validate/rules/-/rules-4.6.9.tgz"
  "version" "4.6.9"

"@vitejs/plugin-vue@^3.0.3":
  "version" "3.1.0"

"@vue/compiler-core@3.2.38":
  "integrity" "sha512-/FsvnSu7Z+lkd/8KXMa4yYNUiqQrI22135gfsQYVGuh5tqEgOB0XqrUdb/KnCLa5+TmQLPwvyUnKMyCpu+SX3Q=="
  "resolved" "https://registry.npmjs.org/@vue/compiler-core/-/compiler-core-3.2.38.tgz"
  "version" "3.2.38"
  dependencies:
    "@babel/parser" "^7.16.4"
    "@vue/shared" "3.2.38"
    "estree-walker" "^2.0.2"
    "source-map" "^0.6.1"

"@vue/compiler-dom@3.2.38":
  "integrity" "sha512-zqX4FgUbw56kzHlgYuEEJR8mefFiiyR3u96498+zWPsLeh1WKvgIReoNE+U7gG8bCUdvsrJ0JRmev0Ky6n2O0g=="
  "resolved" "https://registry.npmjs.org/@vue/compiler-dom/-/compiler-dom-3.2.38.tgz"
  "version" "3.2.38"
  dependencies:
    "@vue/compiler-core" "3.2.38"
    "@vue/shared" "3.2.38"

"@vue/compiler-sfc@3.2.38":
  "integrity" "sha512-KZjrW32KloMYtTcHAFuw3CqsyWc5X6seb8KbkANSWt3Cz9p2qA8c1GJpSkksFP9ABb6an0FLCFl46ZFXx3kKpg=="
  "resolved" "https://registry.npmjs.org/@vue/compiler-sfc/-/compiler-sfc-3.2.38.tgz"
  "version" "3.2.38"
  dependencies:
    "@babel/parser" "^7.16.4"
    "@vue/compiler-core" "3.2.38"
    "@vue/compiler-dom" "3.2.38"
    "@vue/compiler-ssr" "3.2.38"
    "@vue/reactivity-transform" "3.2.38"
    "@vue/shared" "3.2.38"
    "estree-walker" "^2.0.2"
    "magic-string" "^0.25.7"
    "postcss" "^8.1.10"
    "source-map" "^0.6.1"

"@vue/compiler-ssr@3.2.38":
  "integrity" "sha512-bm9jOeyv1H3UskNm4S6IfueKjUNFmi2kRweFIGnqaGkkRePjwEcfCVqyS3roe7HvF4ugsEkhf4+kIvDhip6XzQ=="
  "resolved" "https://registry.npmjs.org/@vue/compiler-ssr/-/compiler-ssr-3.2.38.tgz"
  "version" "3.2.38"
  dependencies:
    "@vue/compiler-dom" "3.2.38"
    "@vue/shared" "3.2.38"

"@vue/devtools-api@^6.1.4", "@vue/devtools-api@^6.2.1":
  "integrity" "sha512-OEgAMeQXvCoJ+1x8WyQuVZzFo0wcyCmUR3baRVLmKBo1LmYZWMlRiXlux5jd0fqVJu6PfDbOrZItVqUEzLobeQ=="
  "resolved" "https://registry.npmjs.org/@vue/devtools-api/-/devtools-api-6.2.1.tgz"
  "version" "6.2.1"

"@vue/reactivity-transform@3.2.38":
  "integrity" "sha512-3SD3Jmi1yXrDwiNJqQ6fs1x61WsDLqVk4NyKVz78mkaIRh6d3IqtRnptgRfXn+Fzf+m6B1KxBYWq1APj6h4qeA=="
  "resolved" "https://registry.npmjs.org/@vue/reactivity-transform/-/reactivity-transform-3.2.38.tgz"
  "version" "3.2.38"
  dependencies:
    "@babel/parser" "^7.16.4"
    "@vue/compiler-core" "3.2.38"
    "@vue/shared" "3.2.38"
    "estree-walker" "^2.0.2"
    "magic-string" "^0.25.7"

"@vue/reactivity@3.2.38":
  "integrity" "sha512-6L4myYcH9HG2M25co7/BSo0skKFHpAN8PhkNPM4xRVkyGl1K5M3Jx4rp5bsYhvYze2K4+l+pioN4e6ZwFLUVtw=="
  "resolved" "https://registry.npmjs.org/@vue/reactivity/-/reactivity-3.2.38.tgz"
  "version" "3.2.38"
  dependencies:
    "@vue/shared" "3.2.38"

"@vue/runtime-core@3.2.38":
  "integrity" "sha512-kk0qiSiXUU/IKxZw31824rxmFzrLr3TL6ZcbrxWTKivadoKupdlzbQM4SlGo4MU6Zzrqv4fzyUasTU1jDoEnzg=="
  "resolved" "https://registry.npmjs.org/@vue/runtime-core/-/runtime-core-3.2.38.tgz"
  "version" "3.2.38"
  dependencies:
    "@vue/reactivity" "3.2.38"
    "@vue/shared" "3.2.38"

"@vue/runtime-dom@3.2.38":
  "integrity" "sha512-4PKAb/ck2TjxdMSzMsnHViOrrwpudk4/A56uZjhzvusoEU9xqa5dygksbzYepdZeB5NqtRw5fRhWIiQlRVK45A=="
  "resolved" "https://registry.npmjs.org/@vue/runtime-dom/-/runtime-dom-3.2.38.tgz"
  "version" "3.2.38"
  dependencies:
    "@vue/runtime-core" "3.2.38"
    "@vue/shared" "3.2.38"
    "csstype" "^2.6.8"

"@vue/server-renderer@3.2.38":
  "integrity" "sha512-pg+JanpbOZ5kEfOZzO2bt02YHd+ELhYP8zPeLU1H0e7lg079NtuuSB8fjLdn58c4Ou8UQ6C1/P+528nXnLPAhA=="
  "resolved" "https://registry.npmjs.org/@vue/server-renderer/-/server-renderer-3.2.38.tgz"
  "version" "3.2.38"
  dependencies:
    "@vue/compiler-ssr" "3.2.38"
    "@vue/shared" "3.2.38"

"@vue/shared@3.2.38":
  "integrity" "sha512-dTyhTIRmGXBjxJE+skC8tTWCGLCVc4wQgRRLt8+O9p5ewBAjoBwtCAkLPrtToSr1xltoe3st21Pv953aOZ7alg=="
  "resolved" "https://registry.npmjs.org/@vue/shared/-/shared-3.2.38.tgz"
  "version" "3.2.38"

"anymatch@~3.1.2":
  "integrity" "sha512-P43ePfOAIupkguHUycrc4qJ9kz8ZiuOUijaETwX7THt0Y/GNK7v0aa8rY816xWjZ7rJdA5XdMcpVFTKMq+RvWg=="
  "resolved" "https://registry.npmjs.org/anymatch/-/anymatch-3.1.2.tgz"
  "version" "3.1.2"
  dependencies:
    "normalize-path" "^3.0.0"
    "picomatch" "^2.0.4"

"async-validator@^4.0.7":
  "integrity" "sha512-7HhHjtERjqlNbZtqNqy2rckN/SpOOlmDliet+lP7k+eKZEjPk3DgyeU9lIXLdeLz0uBbbVp+9Qdow9wJWgwwfg=="
  "resolved" "https://registry.npmjs.org/async-validator/-/async-validator-4.2.5.tgz"
  "version" "4.2.5"

"asynckit@^0.4.0":
  "integrity" "sha512-Oei9OH4tRh0YqU3GxhX79dM/mwVgvbZJaSNaRk+bshkj0S5cfHcgYakreBjrHwatXKbz+IoIdYLxrKim2MjW0Q=="
  "resolved" "https://registry.npmjs.org/asynckit/-/asynckit-0.4.0.tgz"
  "version" "0.4.0"

"axios@^0.27.2":
  "integrity" "sha512-t+yRIyySRTp/wua5xEr+z1q60QmLq8ABsS5O9Me1AsE5dfKqgnCFzwiCZZ/cGNd1lq4/7akDWMxdhVlucjmnOQ=="
  "resolved" "https://registry.npmjs.org/axios/-/axios-0.27.2.tgz"
  "version" "0.27.2"
  dependencies:
    "follow-redirects" "^1.14.9"
    "form-data" "^4.0.0"

"binary-extensions@^2.0.0":
  "integrity" "sha512-jDctJ/IVQbZoJykoeHbhXpOlNBqGNcwXJKJog42E5HDPUwQTSdjCHdihjj0DlnheQ7blbT6dHOafNAiS8ooQKA=="
  "resolved" "https://registry.npmjs.org/binary-extensions/-/binary-extensions-2.2.0.tgz"
  "version" "2.2.0"

"bootstrap@^5.2.0":
  "integrity" "sha512-qlnS9GL6YZE6Wnef46GxGv1UpGGzAwO0aPL1yOjzDIJpeApeMvqV24iL+pjr2kU4dduoBA9fINKWKgMToobx9A=="
  "resolved" "https://registry.npmjs.org/bootstrap/-/bootstrap-5.2.0.tgz"
  "version" "5.2.0"

"braces@~3.0.2":
  "integrity" "sha512-b8um+L1RzM3WDSzvhm6gIz1yfTbBt6YTlcEKAvsmqCZZFw46z626lVj9j1yEPW33H5H+lBQpZMP1k8l+78Ha0A=="
  "resolved" "https://registry.npmjs.org/braces/-/braces-3.0.2.tgz"
  "version" "3.0.2"
  dependencies:
    "fill-range" "^7.0.1"

"chokidar@>=3.0.0 <4.0.0":
  "integrity" "sha512-Dr3sfKRP6oTcjf2JmUmFJfeVMvXBdegxB0iVQ5eb2V10uFJUCAS8OByZdVAyVb8xXNz3GjjTgj9kLWsZTqE6kw=="
  "resolved" "https://registry.npmjs.org/chokidar/-/chokidar-3.5.3.tgz"
  "version" "3.5.3"
  dependencies:
    "anymatch" "~3.1.2"
    "braces" "~3.0.2"
    "glob-parent" "~5.1.2"
    "is-binary-path" "~2.1.0"
    "is-glob" "~4.0.1"
    "normalize-path" "~3.0.0"
    "readdirp" "~3.6.0"
  optionalDependencies:
    "fsevents" "~2.3.2"

"ckeditor5@^35.1.0":
  "integrity" "sha512-Mk8qPXT1OW1BxwVbDnphJmNww8kodKv48HUqSWBCI5i+hOZ/zXNdBoD48NCYqJ5Lr2rJCvlfZ93t3cc//20hwg=="
  "resolved" "https://registry.npmjs.org/ckeditor5/-/ckeditor5-35.1.0.tgz"
  "version" "35.1.0"
  dependencies:
    "@ckeditor/ckeditor5-clipboard" "^35.1.0"
    "@ckeditor/ckeditor5-core" "^35.1.0"
    "@ckeditor/ckeditor5-engine" "^35.1.0"
    "@ckeditor/ckeditor5-enter" "^35.1.0"
    "@ckeditor/ckeditor5-paragraph" "^35.1.0"
    "@ckeditor/ckeditor5-select-all" "^35.1.0"
    "@ckeditor/ckeditor5-typing" "^35.1.0"
    "@ckeditor/ckeditor5-ui" "^35.1.0"
    "@ckeditor/ckeditor5-undo" "^35.1.0"
    "@ckeditor/ckeditor5-upload" "^35.1.0"
    "@ckeditor/ckeditor5-utils" "^35.1.0"
    "@ckeditor/ckeditor5-widget" "^35.1.0"

"combined-stream@^1.0.8":
  "integrity" "sha512-FQN4MRfuJeHf7cBbBMJFXhKSDq+2kAArBlmRBvcvFE5BB1HZKXtSFASDhdlz9zOYwxh8lDdnvmMOe/+5cdoEdg=="
  "resolved" "https://registry.npmjs.org/combined-stream/-/combined-stream-1.0.8.tgz"
  "version" "1.0.8"
  dependencies:
    "delayed-stream" "~1.0.0"

"css-render@^0.15.10", "css-render@~0.15.11":
  "integrity" "sha512-hnLrHPUndVUTF5nmNPRey6hpixK02IPUGdEsm2xRjvJuewToyrVFx9Nmai8rgfVzhTFo5SJVh2PHAtzaIV8JKw=="
  "resolved" "https://registry.npmjs.org/css-render/-/css-render-0.15.11.tgz"
  "version" "0.15.11"
  dependencies:
    "@emotion/hash" "~0.8.0"
    "@types/node" "~17.0.5"
    "csstype" "~3.0.5"

"csstype@^2.6.8":
  "integrity" "sha512-/WwNkdXfckNgw6S5R125rrW8ez139lBHWouiBvX8dfMFtcn6V81REDqnH7+CRpRipfYlyU1CmOnOxrmGcFOjeA=="
  "resolved" "https://registry.npmjs.org/csstype/-/csstype-2.6.20.tgz"
  "version" "2.6.20"

"csstype@~3.0.5":
  "integrity" "sha512-sa6P2wJ+CAbgyy4KFssIb/JNMLxFvKF1pCYCSXS8ZMuqZnMsrxqI2E5sPyoTpxoPU/gVZMzr2zjOfg8GIZOMsw=="
  "resolved" "https://registry.npmjs.org/csstype/-/csstype-3.0.11.tgz"
  "version" "3.0.11"

"datatables.net-bs5@^1.12.1":
  "integrity" "sha512-CcQCImfmH4YZk7I0aC0kTiNPyfHJ2ueGgOh/kFB9KqsZD8bNJy2A88gC6hn9A7TbmmenOL+K3Q1ti7G8yqi8SQ=="
  "resolved" "https://registry.npmjs.org/datatables.net-bs5/-/datatables.net-bs5-1.12.1.tgz"
  "version" "1.12.1"
  dependencies:
    "datatables.net" ">=1.11.3"
    "jquery" ">=1.7"

"datatables.net-select@^1.4.0":
  "integrity" "sha512-CWEIpODzKXupZOx5KdPUnX5pDPO0xLrCxezE1MNktolFSz0duMw1w3ae25cEynP+w8wkaXbRfCiyGeBXx1YIvw=="
  "resolved" "https://registry.npmjs.org/datatables.net-select/-/datatables.net-select-1.4.0.tgz"
  "version" "1.4.0"
  dependencies:
    "datatables.net" ">=1.11.3"
    "jquery" ">=1.7"

"datatables.net-vue3@^1.0.0":
  "integrity" "sha512-QvIQEMZCHX3u3iwTTzY6JA8wT6kFqA3C6L40Y534mSQwonXG4n2/HeBdgfCQrRFQ4Y2TGRJknkEa4md5lvMtGg=="
  "resolved" "https://registry.npmjs.org/datatables.net-vue3/-/datatables.net-vue3-1.0.0.tgz"
  "version" "1.0.0"
  dependencies:
    "datatables.net" "^1.12.1"
    "jquery" "^3.6.0"

"datatables.net@^1.12.1", "datatables.net@>=1.11.3":
  "integrity" "sha512-e6XAMUoV41JdQPS/r9YRfRcmTPcCVvyZbWI+xog1Zg+kjVliMQbEkvWK5XFItmi64Cvwg+IqsZbTUJ1KSY3umA=="
  "resolved" "https://registry.npmjs.org/datatables.net/-/datatables.net-1.12.1.tgz"
  "version" "1.12.1"
  dependencies:
    "jquery" ">=1.7"

"date-fns-tz@^1.3.3":
  "integrity" "sha512-1t1b8zyJo+UI8aR+g3iqr5fkUHWpd58VBx8J/ZSQ+w7YrGlw80Ag4sA86qkfCXRBLmMc4I2US+aPMd4uKvwj5g=="
  "resolved" "https://registry.npmjs.org/date-fns-tz/-/date-fns-tz-1.3.7.tgz"
  "version" "1.3.7"

"date-fns@^2.28.0", "date-fns@>=2.0.0":
  "integrity" "sha512-0VNbwmWJDS/G3ySwFSJA3ayhbURMTJLtwM2DTxf9CWondCnh6DTNlO9JgRSq6ibf4eD0lfMJNBxUdEAHHix+bA=="
  "resolved" "https://registry.npmjs.org/date-fns/-/date-fns-2.29.2.tgz"
  "version" "2.29.2"

"delayed-stream@~1.0.0":
  "integrity" "sha512-ZySD7Nf91aLB0RxL4KGrKHBXl7Eds1DAmEdcoVawXnLD7SDhpNgtuII2aAkg7a7QS41jxPSZ17p4VdGnMHk3MQ=="
  "resolved" "https://registry.npmjs.org/delayed-stream/-/delayed-stream-1.0.0.tgz"
  "version" "1.0.0"

"esbuild-windows-64@0.15.7":
  "integrity" "sha512-7MI08Ec2sTIDv+zH6StNBKO+2hGUYIT42GmFyW6MBBWWtJhTcQLinKS6ldIN1d52MXIbiJ6nXyCJ+LpL4jBm3Q=="
  "resolved" "https://registry.npmjs.org/esbuild-windows-64/-/esbuild-windows-64-0.15.7.tgz"
  "version" "0.15.7"

"esbuild@^0.15.6":
  "integrity" "sha512-7V8tzllIbAQV1M4QoE52ImKu8hT/NLGlGXkiDsbEU5PS6K8Mn09ZnYoS+dcmHxOS9CRsV4IRAMdT3I67IyUNXw=="
  "resolved" "https://registry.npmjs.org/esbuild/-/esbuild-0.15.7.tgz"
  "version" "0.15.7"
  optionalDependencies:
    "@esbuild/linux-loong64" "0.15.7"
    "esbuild-android-64" "0.15.7"
    "esbuild-android-arm64" "0.15.7"
    "esbuild-darwin-64" "0.15.7"
    "esbuild-darwin-arm64" "0.15.7"
    "esbuild-freebsd-64" "0.15.7"
    "esbuild-freebsd-arm64" "0.15.7"
    "esbuild-linux-32" "0.15.7"
    "esbuild-linux-64" "0.15.7"
    "esbuild-linux-arm" "0.15.7"
    "esbuild-linux-arm64" "0.15.7"
    "esbuild-linux-mips64le" "0.15.7"
    "esbuild-linux-ppc64le" "0.15.7"
    "esbuild-linux-riscv64" "0.15.7"
    "esbuild-linux-s390x" "0.15.7"
    "esbuild-netbsd-64" "0.15.7"
    "esbuild-openbsd-64" "0.15.7"
    "esbuild-sunos-64" "0.15.7"
    "esbuild-windows-32" "0.15.7"
    "esbuild-windows-64" "0.15.7"
    "esbuild-windows-arm64" "0.15.7"

"estree-walker@^2.0.2":
  "integrity" "sha512-Rfkk/Mp/DL7JVje3u18FxFujQlTNR2q6QfMSMB7AvCBx91NGj/ba3kCfza0f6dVDbw7YlRf/nDrn7pQrCCyQ/w=="
  "resolved" "https://registry.npmjs.org/estree-walker/-/estree-walker-2.0.2.tgz"
  "version" "2.0.2"

"evtd@^0.2.2", "evtd@^0.2.4":
  "integrity" "sha512-qaeGN5bx63s/AXgQo8gj6fBkxge+OoLddLniox5qtLAEY5HSnuSlISXVPxnSae1dWblvTh4/HoMIB+mbMsvZzw=="
  "resolved" "https://registry.npmjs.org/evtd/-/evtd-0.2.4.tgz"
  "version" "0.2.4"

"fill-range@^7.0.1":
  "integrity" "sha512-qOo9F+dMUmC2Lcb4BbVvnKJxTPjCm+RRpe4gDuGrzkL7mEVl/djYSu2OdQ2Pa302N4oqkSg9ir6jaLWJ2USVpQ=="
  "resolved" "https://registry.npmjs.org/fill-range/-/fill-range-7.0.1.tgz"
  "version" "7.0.1"
  dependencies:
    "to-regex-range" "^5.0.1"

"follow-redirects@^1.14.9":
  "integrity" "sha512-yLAMQs+k0b2m7cVxpS1VKJVvoz7SS9Td1zss3XRwXj+ZDH00RJgnuLx7E44wx02kQLrdM3aOOy+FpzS7+8OizA=="
  "resolved" "https://registry.npmjs.org/follow-redirects/-/follow-redirects-1.15.1.tgz"
  "version" "1.15.1"

"form-data@^4.0.0":
  "integrity" "sha512-ETEklSGi5t0QMZuiXoA/Q6vcnxcLQP5vdugSpuAyi6SVGi2clPPp+xgEhuMaHC+zGgn31Kd235W35f7Hykkaww=="
  "resolved" "https://registry.npmjs.org/form-data/-/form-data-4.0.0.tgz"
  "version" "4.0.0"
  dependencies:
    "asynckit" "^0.4.0"
    "combined-stream" "^1.0.8"
    "mime-types" "^2.1.12"

"function-bind@^1.1.1":
  "integrity" "sha512-yIovAzMX49sF8Yl58fSCWJ5svSLuaibPxXQJFLmBObTuCr0Mf1KiPopGM9NiFjiYBCbfaa2Fh6breQ6ANVTI0A=="
  "resolved" "https://registry.npmjs.org/function-bind/-/function-bind-1.1.1.tgz"
  "version" "1.1.1"

"glob-parent@~5.1.2":
  "integrity" "sha512-AOIgSQCepiJYwP3ARnGx+5VnTu2HBYdzbGP45eLw1vr3zB3vZLeyed1sC9hnbcOc9/SrMyM5RPQrkGz4aS9Zow=="
  "resolved" "https://registry.npmjs.org/glob-parent/-/glob-parent-5.1.2.tgz"
  "version" "5.1.2"
  dependencies:
    "is-glob" "^4.0.1"

"has@^1.0.3":
  "integrity" "sha512-f2dvO0VU6Oej7RkWJGrehjbzMAjFp5/VKPp5tTpWIV4JHHZK1/BxbFRtf/siA2SWTe09caDmVtYYzWEIbBS4zw=="
  "resolved" "https://registry.npmjs.org/has/-/has-1.0.3.tgz"
  "version" "1.0.3"
  dependencies:
    "function-bind" "^1.1.1"

"highlight.js@^11.5.0":
  "integrity" "sha512-ig1eqDzJaB0pqEvlPVIpSSyMaO92bH1N2rJpLMN/nX396wTpDA4Eq0uK+7I/2XG17pFaaKE0kjV/XPeGt7Evjw=="
  "resolved" "https://registry.npmjs.org/highlight.js/-/highlight.js-11.6.0.tgz"
  "version" "11.6.0"

"immutable@^4.0.0":
  "integrity" "sha512-oNkuqVTA8jqG1Q6c+UglTOD1xhC1BtjKI7XkCXRkZHrN5m18/XsnUp8Q89GkQO/z+0WjonSvl0FLhDYftp46nQ=="
  "resolved" "https://registry.npmjs.org/immutable/-/immutable-4.1.0.tgz"
  "version" "4.1.0"

"is-binary-path@~2.1.0":
  "integrity" "sha512-ZMERYes6pDydyuGidse7OsHxtbI7WVeUEozgR/g7rd0xUimYNlvZRE/K2MgZTjWy725IfelLeVcEM97mmtRGXw=="
  "resolved" "https://registry.npmjs.org/is-binary-path/-/is-binary-path-2.1.0.tgz"
  "version" "2.1.0"
  dependencies:
    "binary-extensions" "^2.0.0"

"is-core-module@^2.9.0":
  "integrity" "sha512-Erxj2n/LDAZ7H8WNJXd9tw38GYM3dv8rk8Zcs+jJuxYTW7sozH+SS8NtrSjVL1/vpLvWi1hxy96IzjJ3EHTJJg=="
  "resolved" "https://registry.npmjs.org/is-core-module/-/is-core-module-2.10.0.tgz"
  "version" "2.10.0"
  dependencies:
    "has" "^1.0.3"

"is-extglob@^2.1.1":
  "integrity" "sha512-SbKbANkN603Vi4jEZv49LeVJMn4yGwsbzZworEoyEiutsN3nJYdbO36zfhGJ6QEDpOZIFkDtnq5JRxmvl3jsoQ=="
  "resolved" "https://registry.npmjs.org/is-extglob/-/is-extglob-2.1.1.tgz"
  "version" "2.1.1"

"is-glob@^4.0.1", "is-glob@~4.0.1":
  "integrity" "sha512-xelSayHH36ZgE7ZWhli7pW34hNbNl8Ojv5KVmkJD4hBdD3th8Tfk9vYasLM+mXWOZhFkgZfxhLSnrwRr4elSSg=="
  "resolved" "https://registry.npmjs.org/is-glob/-/is-glob-4.0.3.tgz"
  "version" "4.0.3"
  dependencies:
    "is-extglob" "^2.1.1"

"is-number@^7.0.0":
  "integrity" "sha512-41Cifkg6e8TylSpdtTpeLVMqvSBEVzTttHvERD741+pnZ8ANv0004MRL43QKPDlK9cGvNp6NZWZUBlbGXYxxng=="
  "resolved" "https://registry.npmjs.org/is-number/-/is-number-7.0.0.tgz"
  "version" "7.0.0"

"jquery@^3.6.0", "jquery@^3.6.1", "jquery@>=1.7":
  "integrity" "sha512-opJeO4nCucVnsjiXOE+/PcCgYw9Gwpvs/a6B1LL/lQhwWwpbVEVYDZ1FokFr8PRc7ghYlrFPuyHuiiDNTQxmcw=="
  "resolved" "https://registry.npmjs.org/jquery/-/jquery-3.6.1.tgz"
  "version" "3.6.1"

"lodash-es@^4.17.11", "lodash-es@^4.17.15", "lodash-es@^4.17.21":
  "integrity" "sha512-mKnC+QJ9pWVzv+C4/U3rRsHapFfHvQFoFB92e52xeyGMcX6/OlIl78je1u8vePzYZSkkogMPJ2yjxxsb89cxyw=="
  "resolved" "https://registry.npmjs.org/lodash-es/-/lodash-es-4.17.21.tgz"
  "version" "4.17.21"

"lodash@^4.17.21":
  "integrity" "sha512-v2kDEe57lecTulaDIuNTPy3Ry4gLGJ6Z1O3vE1krgXZNrsQ+LFTGHVxVjcXPs17LhbZVGedAJv8XZ1tvj5FvSg=="
  "resolved" "https://registry.npmjs.org/lodash/-/lodash-4.17.21.tgz"
  "version" "4.17.21"

"magic-string@^0.25.7":
  "integrity" "sha512-RmF0AsMzgt25qzqqLc1+MbHmhdx0ojF2Fvs4XnOqz2ZOBXzzkEwc/dJQZCYHAn7v1jbVOjAZfK8msRn4BxO4VQ=="
  "resolved" "https://registry.npmjs.org/magic-string/-/magic-string-0.25.9.tgz"
  "version" "0.25.9"
  dependencies:
    "sourcemap-codec" "^1.4.8"

"magic-string@^0.26.4":
  "integrity" "sha512-hX9XH3ziStPoPhJxLq1syWuZMxbDvGNbVchfrdCtanC7D13888bMFow61x8axrx+GfHLtVeAx2kxL7tTGRl+Ow=="
  "resolved" "https://registry.npmjs.org/magic-string/-/magic-string-0.26.7.tgz"
  "version" "0.26.7"
  dependencies:
    "sourcemap-codec" "^1.4.8"

"maska@^1.5.0":
  "integrity" "sha512-BwZXzs5gHeu6wtn3iWFqrKRtcsM3sTpkHvfAngVNVNlN7tl9ZyQUeHTz11s9Sy7Bq1MoQ+xyR/+IzghY8nR84Q=="
  "resolved" "https://registry.npmjs.org/maska/-/maska-1.5.0.tgz"
  "version" "1.5.0"

"mime-db@1.52.0":
  "integrity" "sha512-sPU4uV7dYlvtWJxwwxHD0PuihVNiE7TyAbQ5SWxDCB9mUYvOgroQOwYQQOKPJ8CIbE+1ETVlOoK1UC2nU3gYvg=="
  "resolved" "https://registry.npmjs.org/mime-db/-/mime-db-1.52.0.tgz"
  "version" "1.52.0"

"mime-types@^2.1.12":
  "integrity" "sha512-ZDY+bPm5zTTF+YpCrAU9nK0UgICYPT0QtT1NZWFv4s++TNkcgVaT0g6+4R2uI4MjQjzysHB1zxuWL50hzaeXiw=="
  "resolved" "https://registry.npmjs.org/mime-types/-/mime-types-2.1.35.tgz"
  "version" "2.1.35"
  dependencies:
    "mime-db" "1.52.0"

"naive-ui@^2.33.2":
  "integrity" "sha512-XT18dOE7dK15xedO9MlrPsD3AXBKncr0lqlsxakHl/DckqOaAbdA7yxDl/qtVTBC+1Rlf29cFP/th7P7DSy5zg=="
  "resolved" "https://registry.npmjs.org/naive-ui/-/naive-ui-2.33.2.tgz"
  "version" "2.33.2"
  dependencies:
    "@css-render/plugin-bem" "^0.15.10"
    "@css-render/vue3-ssr" "^0.15.10"
    "@types/lodash" "^4.14.181"
    "@types/lodash-es" "^4.17.6"
    "async-validator" "^4.0.7"
    "css-render" "^0.15.10"
    "date-fns" "^2.28.0"
    "date-fns-tz" "^1.3.3"
    "evtd" "^0.2.4"
    "highlight.js" "^11.5.0"
    "lodash" "^4.17.21"
    "lodash-es" "^4.17.21"
    "seemly" "^0.3.6"
    "treemate" "^0.3.11"
    "vdirs" "^0.1.8"
    "vooks" "^0.2.12"
    "vueuc" "^0.4.47"

"nanoid@^3.3.4":
  "integrity" "sha512-MqBkQh/OHTS2egovRtLk45wEyNXwF+cokD+1YPf9u5VfJiRdAiRwB2froX5Co9Rh20xs4siNPm8naNotSD6RBw=="
  "resolved" "https://registry.npmjs.org/nanoid/-/nanoid-3.3.4.tgz"
  "version" "3.3.4"

"normalize-path@^3.0.0", "normalize-path@~3.0.0":
  "integrity" "sha512-6eZs5Ls3WtCisHWp9S2GUy8dqkpGi4BVSz3GaqiE6ezub0512ESztXUwUB6C6IKbQkY2Pnb/mD4WYojCRwcwLA=="
  "resolved" "https://registry.npmjs.org/normalize-path/-/normalize-path-3.0.0.tgz"
  "version" "3.0.0"

"path-parse@^1.0.7":
  "integrity" "sha512-LDJzPVEEEPR+y48z93A0Ed0yXb8pAByGWo/k5YYdYgpY2/2EsOsksJrq7lOHxryrVOn1ejG6oAp8ahvOIQD8sw=="
  "resolved" "https://registry.npmjs.org/path-parse/-/path-parse-1.0.7.tgz"
  "version" "1.0.7"

"picocolors@^1.0.0":
  "integrity" "sha512-1fygroTLlHu66zi26VoTDv8yRgm0Fccecssto+MhsZ0D/DGW2sm8E8AjW7NU5VVTRt5GxbeZ5qBuJr+HyLYkjQ=="
  "resolved" "https://registry.npmjs.org/picocolors/-/picocolors-1.0.0.tgz"
  "version" "1.0.0"

"picomatch@^2.0.4", "picomatch@^2.2.1", "picomatch@^2.3.1":
  "integrity" "sha512-JU3teHTNjmE2VCGFzuY8EXzCDVwEqB2a8fsIvwaStHhAWJEeVd1o1QD80CU6+ZdEXXSLbSsuLwJjkCBWqRQUVA=="
  "resolved" "https://registry.npmjs.org/picomatch/-/picomatch-2.3.1.tgz"
  "version" "2.3.1"

"pinia@^2.0.21":
  "integrity" "sha512-u+b8/BC+tmvo3ACbYO2w5NfxHWFOjvvw9DQnyT0dW8aUMCPRQT5QnfZ5R5W2MzZBMTeZRMQI7V/QFbafmM9QHw=="
  "resolved" "https://registry.npmjs.org/pinia/-/pinia-2.0.22.tgz"
  "version" "2.0.22"
  dependencies:
    "@vue/devtools-api" "^6.2.1"
    "vue-demi" "*"

"postcss@^8.1.10", "postcss@^8.4.16":
  "integrity" "sha512-ipHE1XBvKzm5xI7hiHCZJCSugxvsdq2mPnsq5+UF+VHCjiBvtDrlxJfMBToWaP9D5XlgNmcFGqoHmUn0EYEaRQ=="
  "resolved" "https://registry.npmjs.org/postcss/-/postcss-8.4.16.tgz"
  "version" "8.4.16"
  dependencies:
    "nanoid" "^3.3.4"
    "picocolors" "^1.0.0"
    "source-map-js" "^1.0.2"

"readdirp@~3.6.0":
  "integrity" "sha512-hOS089on8RduqdbhvQ5Z37A0ESjsqz6qnRcffsMU3495FuTdqSm+7bhJ29JvIOsBDEEnan5DPu9t3To9VRlMzA=="
  "resolved" "https://registry.npmjs.org/readdirp/-/readdirp-3.6.0.tgz"
  "version" "3.6.0"
  dependencies:
    "picomatch" "^2.2.1"

"resolve@^1.22.1":
  "integrity" "sha512-nBpuuYuY5jFsli/JIs1oldw6fOQCBioohqWZg/2hiaOybXOft4lonv85uDOKXdf8rhyK159cxU5cDcK/NKk8zw=="
  "resolved" "https://registry.npmjs.org/resolve/-/resolve-1.22.1.tgz"
  "version" "1.22.1"
  dependencies:
    "is-core-module" "^2.9.0"
    "path-parse" "^1.0.7"
    "supports-preserve-symlinks-flag" "^1.0.0"

"rollup@^1.20.0||^2.0.0||^3.0.0", "rollup@~2.78.0":
  "integrity" "sha512-VeeCgtGi4P+o9hIg+xz4qQpRl6R401LWEXBmxYKOV4zlF82lyhgh2hTZnheFUbANE8l2A41F458iwj2vEYaXJg=="
  "resolved" "https://registry.npmjs.org/rollup/-/rollup-2.78.1.tgz"
  "version" "2.78.1"
  optionalDependencies:
    "fsevents" "~2.3.2"

"sass@*", "sass@^1.54.8":
  "integrity" "sha512-ib4JhLRRgbg6QVy6bsv5uJxnJMTS2soVcCp9Y88Extyy13A8vV0G1fAwujOzmNkFQbR3LvedudAMbtuNRPbQww=="
  "resolved" "https://registry.npmjs.org/sass/-/sass-1.54.8.tgz"
  "version" "1.54.8"
  dependencies:
    "chokidar" ">=3.0.0 <4.0.0"
    "immutable" "^4.0.0"
    "source-map-js" ">=0.6.2 <2.0.0"

"seemly@^0.3.6":
  "integrity" "sha512-lEV5VB8BUKTo/AfktXJcy+JeXns26ylbMkIUco8CYREsQijuz4mrXres2Q+vMLdwkuLxJdIPQ8IlCIxLYm71Yw=="
  "resolved" "https://registry.npmjs.org/seemly/-/seemly-0.3.6.tgz"
  "version" "0.3.6"

"source-map-js@^1.0.2", "source-map-js@>=0.6.2 <2.0.0":
  "integrity" "sha512-R0XvVJ9WusLiqTCEiGCmICCMplcCkIwwR11mOSD9CR5u+IXYdiseeEuXCVAjS54zqwkLcPNnmU4OeJ6tUrWhDw=="
  "resolved" "https://registry.npmjs.org/source-map-js/-/source-map-js-1.0.2.tgz"
  "version" "1.0.2"

"source-map@^0.6.1":
  "integrity" "sha512-UjgapumWlbMhkBgzT7Ykc5YXUT46F0iKu8SGXq0bcwP5dz/h0Plj6enJqjz1Zbq2l5WaqYnrVbwWOWMyF3F47g=="
  "resolved" "https://registry.npmjs.org/source-map/-/source-map-0.6.1.tgz"
  "version" "0.6.1"

"sourcemap-codec@^1.4.8":
  "integrity" "sha512-9NykojV5Uih4lgo5So5dtw+f0JgJX30KCNI8gwhz2J9A15wD0Ml6tjHKwf6fTSa6fAdVBdZeNOs9eJ71qCk8vA=="
  "resolved" "https://registry.npmjs.org/sourcemap-codec/-/sourcemap-codec-1.4.8.tgz"
  "version" "1.4.8"

"supports-preserve-symlinks-flag@^1.0.0":
  "integrity" "sha512-ot0WnXS9fgdkgIcePe6RHNk1WA8+muPa6cSjeR3V8K27q9BB1rTE3R1p7Hv0z1ZyAc8s6Vvv8DIyWf681MAt0w=="
  "resolved" "https://registry.npmjs.org/supports-preserve-symlinks-flag/-/supports-preserve-symlinks-flag-1.0.0.tgz"
  "version" "1.0.0"

"to-regex-range@^5.0.1":
  "integrity" "sha512-65P7iz6X5yEr1cwcgvQxbbIw7Uk3gOy5dIdtZ4rDveLqhrdJP+Li/Hx6tyK0NEb+2GCyneCMJiGqrADCSNk8sQ=="
  "resolved" "https://registry.npmjs.org/to-regex-range/-/to-regex-range-5.0.1.tgz"
  "version" "5.0.1"
  dependencies:
    "is-number" "^7.0.0"

"treemate@^0.3.11":
  "integrity" "sha512-M8RGFoKtZ8dF+iwJfAJTOH/SM4KluKOKRJpjCMhI8bG3qB74zrFoArKZ62ll0Fr3mqkMJiQOmWYkdYgDeITYQg=="
  "resolved" "https://registry.npmjs.org/treemate/-/treemate-0.3.11.tgz"
  "version" "0.3.11"

"vdirs@^0.1.4", "vdirs@^0.1.8":
  "integrity" "sha512-H9V1zGRLQZg9b+GdMk8MXDN2Lva0zx72MPahDKc30v+DtwKjfyOSXWRIX4t2mhDubM1H09gPhWeth/BJWPHGUw=="
  "resolved" "https://registry.npmjs.org/vdirs/-/vdirs-0.1.8.tgz"
  "version" "0.1.8"
  dependencies:
    "evtd" "^0.2.2"

"vee-validate@^4.6.9":
  "integrity" "sha512-xfn/DKK2d/UM7GXHojjOIP01wBWNsTpW3Q7r6Tcg5t5G7oeD4Cb1ZqnZTZSiTkfL1NopyZiMrYFeUepYNVfazQ=="
  "resolved" "https://registry.npmjs.org/vee-validate/-/vee-validate-4.6.9.tgz"
  "version" "4.6.9"
  dependencies:
    "@vue/devtools-api" "^6.1.4"

"vite@^3.0.0", "vite@^3.0.7":
  "version" "3.1.0"
  dependencies:
    "esbuild" "^0.15.6"
    "postcss" "^8.4.16"
    "resolve" "^1.22.1"
    "rollup" "~2.78.0"
  optionalDependencies:
    "fsevents" "~2.3.2"

"vooks@^0.2.12", "vooks@^0.2.4":
  "integrity" "sha512-iox0I3RZzxtKlcgYaStQYKEzWWGAduMmq+jS7OrNdQo1FgGfPMubGL3uGHOU9n97NIvfFDBGnpSvkWyb/NSn/Q=="
  "resolved" "https://registry.npmjs.org/vooks/-/vooks-0.2.12.tgz"
  "version" "0.2.12"
  dependencies:
    "evtd" "^0.2.2"

"vue-demi@*":
  "integrity" "sha512-IR8HoEEGM65YY3ZJYAjMlKygDQn25D5ajNFNoKh9RSDMQtlzCxtfQjdQgv9jjK+m3377SsJXY8ysq8kLCZL25A=="
  "resolved" "https://registry.npmjs.org/vue-demi/-/vue-demi-0.13.11.tgz"
  "version" "0.13.11"

"vue-router@^4.1.5":
  "integrity" "sha512-IsvoF5D2GQ/EGTs/Th4NQms9gd2NSqV+yylxIyp/OYp8xOwxmU8Kj/74E9DTSYAyH5LX7idVUngN3JSj1X4xcQ=="
  "resolved" "https://registry.npmjs.org/vue-router/-/vue-router-4.1.5.tgz"
  "version" "4.1.5"
  dependencies:
    "@vue/devtools-api" "^6.1.4"

"vue@^2.6.14 || ^3.2.0", "vue@^3.0.0", "vue@^3.0.0-0 || ^2.6.0", "vue@^3.0.11", "vue@^3.0.5", "vue@^3.2.0", "vue@^3.2.25", "vue@^3.2.37", "vue@3.2.38":
  "integrity" "sha512-hHrScEFSmDAWL0cwO4B6WO7D3sALZPbfuThDsGBebthrNlDxdJZpGR3WB87VbjpPh96mep1+KzukYEhpHDFa8Q=="
  "resolved" "https://registry.npmjs.org/vue/-/vue-3.2.38.tgz"
  "version" "3.2.38"
  dependencies:
    "@vue/compiler-dom" "3.2.38"
    "@vue/compiler-sfc" "3.2.38"
    "@vue/runtime-dom" "3.2.38"
    "@vue/server-renderer" "3.2.38"
    "@vue/shared" "3.2.38"

"vue3-datepicker-lite@^1.9.6":
  "integrity" "sha512-GtEJ7GwWh7OpMSFxQncMgMuVOHyEUxR2eB4sxOCMq/+/geIHFYICLkXA68gzDtkiYn8qbAndqd+pU9jcOCwwEA=="
  "resolved" "https://registry.npmjs.org/vue3-datepicker-lite/-/vue3-datepicker-lite-1.9.6.tgz"
  "version" "1.9.6"
  dependencies:
    "vue" "^3.0.0"

"vueuc@^0.4.47":
  "integrity" "sha512-dQTBLxCzfaPuzD3c4/dIxAULtnyY+xwdotCRFUDgf0DJiwuR3tI+txJ9K8uJKmaHwc1JDUVqhRAj9Jd/pvInWg=="
  "resolved" "https://registry.npmjs.org/vueuc/-/vueuc-0.4.48.tgz"
  "version" "0.4.48"
  dependencies:
    "@css-render/vue3-ssr" "^0.15.10"
    "@juggle/resize-observer" "^3.3.1"
    "css-render" "^0.15.10"
    "evtd" "^0.2.4"
    "seemly" "^0.3.6"
    "vdirs" "^0.1.4"
    "vooks" "^0.2.4"
